// !$*UTF8*$!
{
	archiveVersion = 1;
	classes = {
	};
	objectVersion = 50;
	objects = {

/* Begin PBXBuildFile section */
		0453219A22714FEA009FDA69 /* AppDelegate.swift in Sources */ = {isa = PBXBuildFile; fileRef = 0453219922714FEA009FDA69 /* AppDelegate.swift */; };
		0453219C22714FEA009FDA69 /* ViewController.swift in Sources */ = {isa = PBXBuildFile; fileRef = 0453219B22714FEA009FDA69 /* ViewController.swift */; };
		0453219F22714FEA009FDA69 /* Main.storyboard in Resources */ = {isa = PBXBuildFile; fileRef = 0453219D22714FEA009FDA69 /* Main.storyboard */; };
		045321A122714FEE009FDA69 /* Assets.xcassets in Resources */ = {isa = PBXBuildFile; fileRef = 045321A022714FEE009FDA69 /* Assets.xcassets */; };
		045321A422714FEE009FDA69 /* LaunchScreen.storyboard in Resources */ = {isa = PBXBuildFile; fileRef = 045321A222714FEE009FDA69 /* LaunchScreen.storyboard */; };
		045321AD22715236009FDA69 /* ThisCollectionViewCell.swift in Sources */ = {isa = PBXBuildFile; fileRef = 045321AB22715236009FDA69 /* ThisCollectionViewCell.swift */; };
		045321AE22715236009FDA69 /* ThisCollectionViewCell.xib in Resources */ = {isa = PBXBuildFile; fileRef = 045321AC22715236009FDA69 /* ThisCollectionViewCell.xib */; };
		045321B52271555B009FDA69 /* ThisTableViewCell.swift in Sources */ = {isa = PBXBuildFile; fileRef = 045321B32271555B009FDA69 /* ThisTableViewCell.swift */; };
		045321B62271555B009FDA69 /* ThisTableViewCell.xib in Resources */ = {isa = PBXBuildFile; fileRef = 045321B42271555B009FDA69 /* ThisTableViewCell.xib */; };
/* End PBXBuildFile section */

/* Begin PBXFileReference section */
		0453219622714FEA009FDA69 /* GesturesHomework.app */ = {isa = PBXFileReference; explicitFileType = wrapper.application; includeInIndex = 0; path = GesturesHomework.app; sourceTree = BUILT_PRODUCTS_DIR; };
		0453219922714FEA009FDA69 /* AppDelegate.swift */ = {isa = PBXFileReference; lastKnownFileType = sourcecode.swift; path = AppDelegate.swift; sourceTree = "<group>"; };
		0453219B22714FEA009FDA69 /* ViewController.swift */ = {isa = PBXFileReference; lastKnownFileType = sourcecode.swift; path = ViewController.swift; sourceTree = "<group>"; };
		0453219E22714FEA009FDA69 /* Base */ = {isa = PBXFileReference; lastKnownFileType = file.storyboard; name = Base; path = Base.lproj/Main.storyboard; sourceTree = "<group>"; };
		045321A022714FEE009FDA69 /* Assets.xcassets */ = {isa = PBXFileReference; lastKnownFileType = folder.assetcatalog; path = Assets.xcassets; sourceTree = "<group>"; };
		045321A322714FEE009FDA69 /* Base */ = {isa = PBXFileReference; lastKnownFileType = file.storyboard; name = Base; path = Base.lproj/LaunchScreen.storyboard; sourceTree = "<group>"; };
		045321A522714FEE009FDA69 /* Info.plist */ = {isa = PBXFileReference; lastKnownFileType = text.plist.xml; path = Info.plist; sourceTree = "<group>"; };
		045321AB22715236009FDA69 /* ThisCollectionViewCell.swift */ = {isa = PBXFileReference; lastKnownFileType = sourcecode.swift; path = ThisCollectionViewCell.swift; sourceTree = "<group>"; };
		045321AC22715236009FDA69 /* ThisCollectionViewCell.xib */ = {isa = PBXFileReference; lastKnownFileType = file.xib; path = ThisCollectionViewCell.xib; sourceTree = "<group>"; };
		045321B32271555B009FDA69 /* ThisTableViewCell.swift */ = {isa = PBXFileReference; lastKnownFileType = sourcecode.swift; path = ThisTableViewCell.swift; sourceTree = "<group>"; };
		045321B42271555B009FDA69 /* ThisTableViewCell.xib */ = {isa = PBXFileReference; lastKnownFileType = file.xib; path = ThisTableViewCell.xib; sourceTree = "<group>"; };
/* End PBXFileReference section */

/* Begin PBXFrameworksBuildPhase section */
		0453219322714FEA009FDA69 /* Frameworks */ = {
			isa = PBXFrameworksBuildPhase;
			buildActionMask = 2147483647;
			files = (
			);
			runOnlyForDeploymentPostprocessing = 0;
		};
/* End PBXFrameworksBuildPhase section */

/* Begin PBXGroup section */
		0453218D22714FEA009FDA69 = {
			isa = PBXGroup;
			children = (
				0453219822714FEA009FDA69 /* GesturesHomework */,
				0453219722714FEA009FDA69 /* Products */,
			);
			sourceTree = "<group>";
		};
		0453219722714FEA009FDA69 /* Products */ = {
			isa = PBXGroup;
			children = (
				0453219622714FEA009FDA69 /* GesturesHomework.app */,
			);
			name = Products;
			sourceTree = "<group>";
		};
		0453219822714FEA009FDA69 /* GesturesHomework */ = {
			isa = PBXGroup;
			children = (
				0453219922714FEA009FDA69 /* AppDelegate.swift */,
				045321B32271555B009FDA69 /* ThisTableViewCell.swift */,
				045321B42271555B009FDA69 /* ThisTableViewCell.xib */,
				0453219B22714FEA009FDA69 /* ViewController.swift */,
				045321AB22715236009FDA69 /* ThisCollectionViewCell.swift */,
				045321AC22715236009FDA69 /* ThisCollectionViewCell.xib */,
				0453219D22714FEA009FDA69 /* Main.storyboard */,
				045321A022714FEE009FDA69 /* Assets.xcassets */,
				045321A222714FEE009FDA69 /* LaunchScreen.storyboard */,
				045321A522714FEE009FDA69 /* Info.plist */,
			);
			path = GesturesHomework;
			sourceTree = "<group>";
		};
/* End PBXGroup section */

/* Begin PBXNativeTarget section */
		0453219522714FEA009FDA69 /* GesturesHomework */ = {
			isa = PBXNativeTarget;
			buildConfigurationList = 045321A822714FEE009FDA69 /* Build configuration list for PBXNativeTarget "GesturesHomework" */;
			buildPhases = (
				0453219222714FEA009FDA69 /* Sources */,
				0453219322714FEA009FDA69 /* Frameworks */,
				0453219422714FEA009FDA69 /* Resources */,
			);
			buildRules = (
			);
			dependencies = (
			);
			name = GesturesHomework;
			productName = GesturesHomework;
			productReference = 0453219622714FEA009FDA69 /* GesturesHomework.app */;
			productType = "com.apple.product-type.application";
		};
/* End PBXNativeTarget section */

/* Begin PBXProject section */
		0453218E22714FEA009FDA69 /* Project object */ = {
			isa = PBXProject;
			attributes = {
				LastSwiftUpdateCheck = 1020;
				LastUpgradeCheck = 1020;
				ORGANIZATIONNAME = MCS;
				TargetAttributes = {
					0453219522714FEA009FDA69 = {
						CreatedOnToolsVersion = 10.2.1;
					};
				};
			};
			buildConfigurationList = 0453219122714FEA009FDA69 /* Build configuration list for PBXProject "GesturesHomework" */;
			compatibilityVersion = "Xcode 9.3";
			developmentRegion = en;
			hasScannedForEncodings = 0;
			knownRegions = (
				en,
				Base,
			);
			mainGroup = 0453218D22714FEA009FDA69;
			productRefGroup = 0453219722714FEA009FDA69 /* Products */;
			projectDirPath = "";
			projectRoot = "";
			targets = (
				0453219522714FEA009FDA69 /* GesturesHomework */,
			);
		};
/* End PBXProject section */

/* Begin PBXResourcesBuildPhase section */
		0453219422714FEA009FDA69 /* Resources */ = {
			isa = PBXResourcesBuildPhase;
			buildActionMask = 2147483647;
			files = (
				045321A422714FEE009FDA69 /* LaunchScreen.storyboard in Resources */,
				045321B62271555B009FDA69 /* ThisTableViewCell.xib in Resources */,
				045321A122714FEE009FDA69 /* Assets.xcassets in Resources */,
				045321AE22715236009FDA69 /* ThisCollectionViewCell.xib in Resources */,
				0453219F22714FEA009FDA69 /* Main.storyboard in Resources */,
			);
			runOnlyForDeploymentPostprocessing = 0;
		};
/* End PBXResourcesBuildPhase section */

/* Begin PBXSourcesBuildPhase section */
		0453219222714FEA009FDA69 /* Sources */ = {
			isa = PBXSourcesBuildPhase;
			buildActionMask = 2147483647;
			files = (
				0453219C22714FEA009FDA69 /* ViewController.swift in Sources */,
				045321B52271555B009FDA69 /* ThisTableViewCell.swift in Sources */,
				0453219A22714FEA009FDA69 /* AppDelegate.swift in Sources */,
				045321AD22715236009FDA69 /* ThisCollectionViewCell.swift in Sources */,
			);
			runOnlyForDeploymentPostprocessing = 0;
		};
/* End PBXSourcesBuildPhase section */

/* Begin PBXVariantGroup section */
		0453219D22714FEA009FDA69 /* Main.storyboard */ = {
			isa = PBXVariantGroup;
			children = (
				0453219E22714FEA009FDA69 /* Base */,
			);
			name = Main.storyboard;
			sourceTree = "<group>";
		};
		045321A222714FEE009FDA69 /* LaunchScreen.storyboard */ = {
			isa = PBXVariantGroup;
			children = (
				045321A322714FEE009FDA69 /* Base */,
			);
			name = LaunchScreen.storyboard;
			sourceTree = "<group>";
		};
/* End PBXVariantGroup section */

/* Begin XCBuildConfiguration section */
		045321A622714FEE009FDA69 /* Debug */ = {
			isa = XCBuildConfiguration;
			buildSettings = {
				ALWAYS_SEARCH_USER_PATHS = NO;
				CLANG_ANALYZER_NONNULL = YES;
				CLANG_ANALYZER_NUMBER_OBJECT_CONVERSION = YES_AGGRESSIVE;
				CLANG_CXX_LANGUAGE_STANDARD = "gnu++14";
				CLANG_CXX_LIBRARY = "libc++";
				CLANG_ENABLE_MODULES = YES;
				CLANG_ENABLE_OBJC_ARC = YES;
				CLANG_ENABLE_OBJC_WEAK = YES;
				CLANG_WARN_BLOCK_CAPTURE_AUTORELEASING = YES;
				CLANG_WARN_BOOL_CONVERSION = YES;
				CLANG_WARN_COMMA = YES;
				CLANG_WARN_CONSTANT_CONVERSION = YES;
				CLANG_WARN_DEPRECATED_OBJC_IMPLEMENTATIONS = YES;
				CLANG_WARN_DIRECT_OBJC_ISA_USAGE = YES_ERROR;
				CLANG_WARN_DOCUMENTATION_COMMENTS = YES;
				CLANG_WARN_EMPTY_BODY = YES;
				CLANG_WARN_ENUM_CONVERSION = YES;
				CLANG_WARN_INFINITE_RECURSION = YES;
				CLANG_WARN_INT_CONVERSION = YES;
				CLANG_WARN_NON_LITERAL_NULL_CONVERSION = YES;
				CLANG_WARN_OBJC_IMPLICIT_RETAIN_SELF = YES;
				CLANG_WARN_OBJC_LITERAL_CONVERSION = YES;
				CLANG_WARN_OBJC_ROOT_CLASS = YES_ERROR;
				CLANG_WARN_RANGE_LOOP_ANALYSIS = YES;
				CLANG_WARN_STRICT_PROTOTYPES = YES;
				CLANG_WARN_SUSPICIOUS_MOVE = YES;
				CLANG_WARN_UNGUARDED_AVAILABILITY = YES_AGGRESSIVE;
				CLANG_WARN_UNREACHABLE_CODE = YES;
				CLANG_WARN__DUPLICATE_METHOD_MATCH = YES;
				CODE_SIGN_IDENTITY = "iPhone Developer";
				COPY_PHASE_STRIP = NO;
				DEBUG_INFORMATION_FORMAT = dwarf;
				ENABLE_STRICT_OBJC_MSGSEND = YES;
				ENABLE_TESTABILITY = YES;
				GCC_C_LANGUAGE_STANDARD = gnu11;
				GCC_DYNAMIC_NO_PIC = NO;
				GCC_NO_COMMON_BLOCKS = YES;
				GCC_OPTIMIZATION_LEVEL = 0;
				GCC_PREPROCESSOR_DEFINITIONS = (
					"DEBUG=1",
					"$(inherited)",
				);
				GCC_WARN_64_TO_32_BIT_CONVERSION = YES;
				GCC_WARN_ABOUT_RETURN_TYPE = YES_ERROR;
				GCC_WARN_UNDECLARED_SELECTOR = YES;
				GCC_WARN_UNINITIALIZED_AUTOS = YES_AGGRESSIVE;
				GCC_WARN_UNUSED_FUNCTION = YES;
				GCC_WARN_UNUSED_VARIABLE = YES;
				IPHONEOS_DEPLOYMENT_TARGET = 12.2;
				MTL_ENABLE_DEBUG_INFO = INCLUDE_SOURCE;
				MTL_FAST_MATH = YES;
				ONLY_ACTIVE_ARCH = YES;
				SDKROOT = iphoneos;
				SWIFT_ACTIVE_COMPILATION_CONDITIONS = DEBUG;
				SWIFT_OPTIMIZATION_LEVEL = "-Onone";
			};
			name = Debug;
		};
		045321A722714FEE009FDA69 /* Release */ = {
			isa = XCBuildConfiguration;
			buildSettings = {
				ALWAYS_SEARCH_USER_PATHS = NO;
				CLANG_ANALYZER_NONNULL = YES;
				CLANG_ANALYZER_NUMBER_OBJECT_CONVERSION = YES_AGGRESSIVE;
				CLANG_CXX_LANGUAGE_STANDARD = "gnu++14";
				CLANG_CXX_LIBRARY = "libc++";
				CLANG_ENABLE_MODULES = YES;
				CLANG_ENABLE_OBJC_ARC = YES;
				CLANG_ENABLE_OBJC_WEAK = YES;
				CLANG_WARN_BLOCK_CAPTURE_AUTORELEASING = YES;
				CLANG_WARN_BOOL_CONVERSION = YES;
				CLANG_WARN_COMMA = YES;
				CLANG_WARN_CONSTANT_CONVERSION = YES;
				CLANG_WARN_DEPRECATED_OBJC_IMPLEMENTATIONS = YES;
				CLANG_WARN_DIRECT_OBJC_ISA_USAGE = YES_ERROR;
				CLANG_WARN_DOCUMENTATION_COMMENTS = YES;
				CLANG_WARN_EMPTY_BODY = YES;
				CLANG_WARN_ENUM_CONVERSION = YES;
				CLANG_WARN_INFINITE_RECURSION = YES;
				CLANG_WARN_INT_CONVERSION = YES;
				CLANG_WARN_NON_LITERAL_NULL_CONVERSION = YES;
				CLANG_WARN_OBJC_IMPLICIT_RETAIN_SELF = YES;
				CLANG_WARN_OBJC_LITERAL_CONVERSION = YES;
				CLANG_WARN_OBJC_ROOT_CLASS = YES_ERROR;
				CLANG_WARN_RANGE_LOOP_ANALYSIS = YES;
				CLANG_WARN_STRICT_PROTOTYPES = YES;
				CLANG_WARN_SUSPICIOUS_MOVE = YES;
				CLANG_WARN_UNGUARDED_AVAILABILITY = YES_AGGRESSIVE;
				CLANG_WARN_UNREACHABLE_CODE = YES;
				CLANG_WARN__DUPLICATE_METHOD_MATCH = YES;
				CODE_SIGN_IDENTITY = "iPhone Developer";
				COPY_PHASE_STRIP = NO;
				DEBUG_INFORMATION_FORMAT = "dwarf-with-dsym";
				ENABLE_NS_ASSERTIONS = NO;
				ENABLE_STRICT_OBJC_MSGSEND = YES;
				GCC_C_LANGUAGE_STANDARD = gnu11;
				GCC_NO_COMMON_BLOCKS = YES;
				GCC_WARN_64_TO_32_BIT_CONVERSION = YES;
				GCC_WARN_ABOUT_RETURN_TYPE = YES_ERROR;
				GCC_WARN_UNDECLARED_SELECTOR = YES;
				GCC_WARN_UNINITIALIZED_AUTOS = YES_AGGRESSIVE;
				GCC_WARN_UNUSED_FUNCTION = YES;
				GCC_WARN_UNUSED_VARIABLE = YES;
				IPHONEOS_DEPLOYMENT_TARGET = 12.2;
				MTL_ENABLE_DEBUG_INFO = NO;
				MTL_FAST_MATH = YES;
				SDKROOT = iphoneos;
				SWIFT_COMPILATION_MODE = wholemodule;
				SWIFT_OPTIMIZATION_LEVEL = "-O";
				VALIDATE_PRODUCT = YES;
			};
			name = Release;
		};
		045321A922714FEE009FDA69 /* Debug */ = {
			isa = XCBuildConfiguration;
			buildSettings = {
				ASSETCATALOG_COMPILER_APPICON_NAME = AppIcon;
				CODE_SIGN_STYLE = Automatic;
				DEVELOPMENT_TEAM = AL7363AJ9G;
				INFOPLIST_FILE = GesturesHomework/Info.plist;
				LD_RUNPATH_SEARCH_PATHS = (
					"$(inherited)",
					"@executable_path/Frameworks",
				);
				PRODUCT_BUNDLE_IDENTIFIER = NicholasSharp.GesturesHomework;
				PRODUCT_NAME = "$(TARGET_NAME)";
				SWIFT_VERSION = 5.0;
				TARGETED_DEVICE_FAMILY = "1,2";
			};
			name = Debug;
		};
		045321AA22714FEE009FDA69 /* Release */ = {
			isa = XCBuildConfiguration;
			buildSettings = {
				ASSETCATALOG_COMPILER_APPICON_NAME = AppIcon;
				CODE_SIGN_STYLE = Automatic;
				DEVELOPMENT_TEAM = AL7363AJ9G;
				INFOPLIST_FILE = GesturesHomework/Info.plist;
				LD_RUNPATH_SEARCH_PATHS = (
					"$(inherited)",
					"@executable_path/Frameworks",
				);
				PRODUCT_BUNDLE_IDENTIFIER = NicholasSharp.GesturesHomework;
				PRODUCT_NAME = "$(TARGET_NAME)";
				SWIFT_VERSION = 5.0;
				TARGETED_DEVICE_FAMILY = "1,2";
			};
			name = Release;
		};
/* End XCBuildConfiguration section */

/* Begin XCConfigurationList section */
		0453219122714FEA009FDA69 /* Build configuration list for PBXProject "GesturesHomework" */ = {
			isa = XCConfigurationList;
			buildConfigurations = (
				045321A622714FEE009FDA69 /* Debug */,
				045321A722714FEE009FDA69 /* Release */,
			);
			defaultConfigurationIsVisible = 0;
			defaultConfigurationName = Release;
		};
		045321A822714FEE009FDA69 /* Build configuration list for PBXNativeTarget "GesturesHomework" */ = {
			isa = XCConfigurationList;
			buildConfigurations = (
				045321A922714FEE009FDA69 /* Debug */,
				045321AA22714FEE009FDA69 /* Release */,
			);
			defaultConfigurationIsVisible = 0;
			defaultConfigurationName = Release;
		};
/* End XCConfigurationList section */
	};
	rootObject = 0453218E22714FEA009FDA69 /* Project object */;
}
